
Microsoft Visual Studio Solution File, Format Version 12.00
# Visual Studio 14
VisualStudioVersion = 14.0.24720.0
MinimumVisualStudioVersion = 10.0.40219.1
Project("{FAE04EC0-301F-11D3-BF4B-00C04F79EFBC}") = "df-emulator-client", "df-emulator\df-emulator-client.csproj", "{14ACD872-8F66-48A0-B161-28F960107755}"
EndProject
Project("{FAE04EC0-301F-11D3-BF4B-00C04F79EFBC}") = "dfemulator", "dfemulator\dfemulator.csproj", "{4D82D30E-9817-43A3-BFA9-6E367B854006}"
EndProject
Global
	GlobalSection(SolutionConfigurationPlatforms) = preSolution
		Debug|Any CPU = Debug|Any CPU
		Release|Any CPU = Release|Any CPU
	EndGlobalSection
	GlobalSection(ProjectConfigurationPlatforms) = postSolution
		{14ACD872-8F66-48A0-B161-28F960107755}.Debug|Any CPU.ActiveCfg = Debug|Any CPU
		{14ACD872-8F66-48A0-B161-28F960107755}.Debug|Any CPU.Build.0 = Debug|Any CPU
		{14ACD872-8F66-48A0-B161-28F960107755}.Release|Any CPU.ActiveCfg = Release|Any CPU
		{14ACD872-8F66-48A0-B161-28F960107755}.Release|Any CPU.Build.0 = Release|Any CPU
		{4D82D30E-9817-43A3-BFA9-6E367B854006}.Debug|Any CPU.ActiveCfg = Debug|Any CPU
		{4D82D30E-9817-43A3-BFA9-6E367B854006}.Debug|Any CPU.Build.0 = Debug|Any CPU
		{4D82D30E-9817-43A3-BFA9-6E367B854006}.Release|Any CPU.ActiveCfg = Release|Any CPU
		{4D82D30E-9817-43A3-BFA9-6E367B854006}.Release|Any CPU.Build.0 = Release|Any CPU
	EndGlobalSection
	GlobalSection(SolutionProperties) = preSolution
		HideSolutionNode = FALSE
	EndGlobalSection
EndGlobal
